
Microsoft Visual Studio Solution File, Format Version 10.00
# Visual C++ Express 2008
Project("{8BC9CEB8-8B4A-11D0-8D11-00A0C91BC942}") = "Dijktra", "Dijktra\Dijktra.vcproj", "{69446647-BC3C-4460-8414-C5FE21E69118}"
EndProject
Global
	GlobalSection(SolutionConfigurationPlatforms) = preSolution
		Debug|Win32 = Debug|Win32
		Release|Win32 = Release|Win32
	EndGlobalSection
	GlobalSection(ProjectConfigurationPlatforms) = postSolution
		{69446647-BC3C-4460-8414-C5FE21E69118}.Debug|Win32.ActiveCfg = Debug|Win32
		{69446647-BC3C-4460-8414-C5FE21E69118}.Debug|Win32.Build.0 = Debug|Win32
		{69446647-BC3C-4460-8414-C5FE21E69118}.Release|Win32.ActiveCfg = Release|Win32
		{69446647-BC3C-4460-8414-C5FE21E69118}.Release|Win32.Build.0 = Release|Win32
	EndGlobalSection
	GlobalSection(SolutionProperties) = preSolution
		HideSolutionNode = FALSE
	EndGlobalSection
EndGlobal
